{
    "_readme": [
        "This file locks the dependencies of your project to a known state",
        "Read more about it at https://getcomposer.org/doc/01-basic-usage.md#installing-dependencies",
        "This file is @generated automatically"
    ],
    "content-hash": "6b70391ba8c78b39f27486c1801e6753",
    "packages": [
        {
            "name": "fakerphp/faker",
            "version": "v1.23.0",
            "source": {
                "type": "git",
                "url": "https://github.com/FakerPHP/Faker.git",
                "reference": "e3daa170d00fde61ea7719ef47bb09bb8f1d9b01"
            },
            "dist": {
                "type": "zip",
                "url": "https://api.github.com/repos/FakerPHP/Faker/zipball/e3daa170d00fde61ea7719ef47bb09bb8f1d9b01",
                "reference": "e3daa170d00fde61ea7719ef47bb09bb8f1d9b01",
                "shasum": ""
            },
            "require": {
                "php": "^7.4 || ^8.0",
                "psr/container": "^1.0 || ^2.0",
                "symfony/deprecation-contracts": "^2.2 || ^3.0"
            },
            "conflict": {
                "fzaninotto/faker": "*"
            },
            "require-dev": {
                "bamarni/composer-bin-plugin": "^1.4.1",
                "doctrine/persistence": "^1.3 || ^2.0",
                "ext-intl": "*",
                "phpunit/phpunit": "^9.5.26",
                "symfony/phpunit-bridge": "^5.4.16"
            },
            "suggest": {
                "doctrine/orm": "Required to use Faker\\ORM\\Doctrine",
                "ext-curl": "Required by Faker\\Provider\\Image to download images.",
                "ext-dom": "Required by Faker\\Provider\\HtmlLorem for generating random HTML.",
                "ext-iconv": "Required by Faker\\Provider\\ru_RU\\Text::realText() for generating real Russian text.",
                "ext-mbstring": "Required for multibyte Unicode string functionality."
            },
            "type": "library",
            "extra": {
                "branch-alias": {
                    "dev-main": "v1.21-dev"
                }
            },
            "autoload": {
                "psr-4": {
                    "Faker\\": "src/Faker/"
                }
            },
            "notification-url": "https://packagist.org/downloads/",
            "license": [
                "MIT"
            ],
            "authors": [
                {
                    "name": "François Zaninotto"
                }
            ],
            "description": "Faker is a PHP library that generates fake data for you.",
            "keywords": [
                "data",
                "faker",
                "fixtures"
            ],
            "support": {
                "issues": "https://github.com/FakerPHP/Faker/issues",
                "source": "https://github.com/FakerPHP/Faker/tree/v1.23.0"
            },
            "time": "2023-06-12T08:44:38+00:00"
        },
        {
            "name": "fp4php/functional",
            "version": "v6.0.0",
            "source": {
                "type": "git",
                "url": "https://github.com/fp4php/functional.git",
                "reference": "dcd309e3a253007868e9addbdaf77ed5858c4689"
            },
            "dist": {
                "type": "zip",
                "url": "https://api.github.com/repos/fp4php/functional/zipball/dcd309e3a253007868e9addbdaf77ed5858c4689",
                "reference": "dcd309e3a253007868e9addbdaf77ed5858c4689",
                "shasum": ""
            },
            "require": {
                "ext-simplexml": "*",
                "php": "^8.1"
            },
            "require-dev": {
                "fp4php/functional-psalm-plugin": "^1.0",
                "php-coveralls/php-coveralls": "~2.4.0",
                "phpunit/phpunit": "^9",
                "rregeer/phpunit-coverage-check": "^0.3.1",
                "symfony/process": "^5.2",
                "vimeo/psalm": "^5.7"
            },
            "type": "library",
            "extra": {
                "psalm": {
                    "pluginClass": "Fp\\Psalm\\FunctionalPlugin"
                }
            },
            "autoload": {
                "files": [
                    "src/Fp/Functions/Callable/Ctor.php",
                    "src/Fp/Functions/Callable/ToSafeClosure.php",
                    "src/Fp/Functions/Callable/DropFirstArg.php",
                    "src/Fp/Functions/Callable/Pipe.php",
                    "src/Fp/Functions/Callable/Compose.php",
                    "src/Fp/Functions/Callable/Partial.php",
                    "src/Fp/Functions/Callable/PartialLeft.php",
                    "src/Fp/Functions/Callable/PartialRight.php",
                    "src/Fp/Functions/Cast/AsEnumOf.php",
                    "src/Fp/Functions/Cast/AsArray.php",
                    "src/Fp/Functions/Cast/AsBool.php",
                    "src/Fp/Functions/Cast/AsFloat.php",
                    "src/Fp/Functions/Cast/AsPairs.php",
                    "src/Fp/Functions/Cast/AsGenerator.php",
                    "src/Fp/Functions/Cast/AsInt.php",
                    "src/Fp/Functions/Cast/AsString.php",
                    "src/Fp/Functions/Cast/AsList.php",
                    "src/Fp/Functions/Cast/AsNonEmptyArray.php",
                    "src/Fp/Functions/Cast/AsNonEmptyList.php",
                    "src/Fp/Functions/Collection/Drop.php",
                    "src/Fp/Functions/Collection/At.php",
                    "src/Fp/Functions/Collection/Chunks.php",
                    "src/Fp/Functions/Collection/Every.php",
                    "src/Fp/Functions/Collection/Exists.php",
                    "src/Fp/Functions/Collection/Filter.php",
                    "src/Fp/Functions/Collection/First.php",
                    "src/Fp/Functions/Collection/FlatMap.php",
                    "src/Fp/Functions/Collection/Traverse.php",
                    "src/Fp/Functions/Collection/Sequence.php",
                    "src/Fp/Functions/Collection/Contains.php",
                    "src/Fp/Functions/Collection/Fold.php",
                    "src/Fp/Functions/Collection/Tap.php",
                    "src/Fp/Functions/Collection/GroupBy.php",
                    "src/Fp/Functions/Collection/GroupMap.php",
                    "src/Fp/Functions/Collection/GroupMapReduce.php",
                    "src/Fp/Functions/Collection/Unique.php",
                    "src/Fp/Functions/Collection/Head.php",
                    "src/Fp/Functions/Collection/Keys.php",
                    "src/Fp/Functions/Collection/Last.php",
                    "src/Fp/Functions/Collection/Init.php",
                    "src/Fp/Functions/Collection/Map.php",
                    "src/Fp/Functions/Collection/Partition.php",
                    "src/Fp/Functions/Collection/Pluck.php",
                    "src/Fp/Functions/Collection/Pop.php",
                    "src/Fp/Functions/Collection/Reindex.php",
                    "src/Fp/Functions/Collection/Reverse.php",
                    "src/Fp/Functions/Collection/Second.php",
                    "src/Fp/Functions/Collection/Shift.php",
                    "src/Fp/Functions/Collection/Tail.php",
                    "src/Fp/Functions/Collection/Zip.php",
                    "src/Fp/Functions/Collection/MkString.php",
                    "src/Fp/Functions/Evidence/ProveUnion.php",
                    "src/Fp/Functions/Evidence/ProveNull.php",
                    "src/Fp/Functions/Evidence/ProveArray.php",
                    "src/Fp/Functions/Evidence/ProveBool.php",
                    "src/Fp/Functions/Evidence/ProveFloat.php",
                    "src/Fp/Functions/Evidence/ProveInt.php",
                    "src/Fp/Functions/Evidence/ProveList.php",
                    "src/Fp/Functions/Evidence/ProveObject.php",
                    "src/Fp/Functions/Evidence/ProveOf.php",
                    "src/Fp/Functions/Evidence/ProveString.php",
                    "src/Fp/Functions/Util/ToString.php",
                    "src/Fp/Functions/Util/JsonDecode.php",
                    "src/Fp/Functions/Util/RegExp.php",
                    "src/Fp/Functions/Util/Writeln.php",
                    "src/Fp/Functions/Panic.php",
                    "src/Fp/Functions/Id.php",
                    "src/Fp/Functions/Unit.php"
                ],
                "psr-4": {
                    "Fp\\Streams\\": "src/Fp/Streams",
                    "Fp\\Functional\\": "src/Fp/Functional",
                    "Fp\\Operations\\": "src/Fp/Operations",
                    "Fp\\Collections\\": "src/Fp/Collections"
                }
            },
            "notification-url": "https://packagist.org/downloads/",
            "license": [
                "MIT"
            ],
            "authors": [
                {
                    "name": "whsv26",
                    "email": "whsv26@gmail.com"
                }
            ],
            "description": "PHP Functional Programming library",
            "support": {
                "issues": "https://github.com/fp4php/functional/issues",
                "source": "https://github.com/fp4php/functional/tree/v6.0.0"
            },
            "time": "2023-05-22T14:30:32+00:00"
        },
        {
            "name": "psr/container",
            "version": "2.0.2",
            "source": {
                "type": "git",
                "url": "https://github.com/php-fig/container.git",
                "reference": "c71ecc56dfe541dbd90c5360474fbc405f8d5963"
            },
            "dist": {
                "type": "zip",
                "url": "https://api.github.com/repos/php-fig/container/zipball/c71ecc56dfe541dbd90c5360474fbc405f8d5963",
                "reference": "c71ecc56dfe541dbd90c5360474fbc405f8d5963",
                "shasum": ""
            },
            "require": {
                "php": ">=7.4.0"
            },
            "type": "library",
            "extra": {
                "branch-alias": {
                    "dev-master": "2.0.x-dev"
                }
            },
            "autoload": {
                "psr-4": {
                    "Psr\\Container\\": "src/"
                }
            },
            "notification-url": "https://packagist.org/downloads/",
            "license": [
                "MIT"
            ],
            "authors": [
                {
                    "name": "PHP-FIG",
                    "homepage": "https://www.php-fig.org/"
                }
            ],
            "description": "Common Container Interface (PHP FIG PSR-11)",
            "homepage": "https://github.com/php-fig/container",
            "keywords": [
                "PSR-11",
                "container",
                "container-interface",
                "container-interop",
                "psr"
            ],
            "support": {
                "issues": "https://github.com/php-fig/container/issues",
                "source": "https://github.com/php-fig/container/tree/2.0.2"
            },
            "time": "2021-11-05T16:47:00+00:00"
        },
        {
            "name": "symfony/deprecation-contracts",
            "version": "v3.3.0",
            "source": {
                "type": "git",
                "url": "https://github.com/symfony/deprecation-contracts.git",
                "reference": "7c3aff79d10325257a001fcf92d991f24fc967cf"
            },
            "dist": {
                "type": "zip",
                "url": "https://api.github.com/repos/symfony/deprecation-contracts/zipball/7c3aff79d10325257a001fcf92d991f24fc967cf",
                "reference": "7c3aff79d10325257a001fcf92d991f24fc967cf",
                "shasum": ""
            },
            "require": {
                "php": ">=8.1"
            },
            "type": "library",
            "extra": {
                "branch-alias": {
                    "dev-main": "3.4-dev"
                },
                "thanks": {
                    "name": "symfony/contracts",
                    "url": "https://github.com/symfony/contracts"
                }
            },
            "autoload": {
                "files": [
                    "function.php"
                ]
            },
            "notification-url": "https://packagist.org/downloads/",
            "license": [
                "MIT"
            ],
            "authors": [
                {
                    "name": "Nicolas Grekas",
                    "email": "p@tchwork.com"
                },
                {
                    "name": "Symfony Community",
                    "homepage": "https://symfony.com/contributors"
                }
            ],
            "description": "A generic function and convention to trigger deprecation notices",
            "homepage": "https://symfony.com",
            "support": {
                "source": "https://github.com/symfony/deprecation-contracts/tree/v3.3.0"
            },
            "funding": [
                {
                    "url": "https://symfony.com/sponsor",
                    "type": "custom"
                },
                {
                    "url": "https://github.com/fabpot",
                    "type": "github"
                },
                {
                    "url": "https://tidelift.com/funding/github/packagist/symfony/symfony",
                    "type": "tidelift"
                }
            ],
            "time": "2023-05-23T14:45:45+00:00"
        }
    ],
    "packages-dev": [],
    "aliases": [],
    "minimum-stability": "stable",
    "stability-flags": [],
    "prefer-stable": false,
    "prefer-lowest": false,
    "platform": {
        "ext-pdo": "*"
    },
    "platform-dev": [],
    "plugin-api-version": "2.3.0"
}
